// !$*UTF8*$!
{
	archiveVersion = 1;
	classes = {
	};
	objectVersion = 50;
	objects = {

/* Begin PBXBuildFile section */
		9167D67E256F668600B3C21B /* AppDelegate.swift in Sources */ = {isa = PBXBuildFile; fileRef = 9167D67D256F668600B3C21B /* AppDelegate.swift */; };
		9167D680256F668600B3C21B /* SceneDelegate.swift in Sources */ = {isa = PBXBuildFile; fileRef = 9167D67F256F668600B3C21B /* SceneDelegate.swift */; };
		9167D682256F668600B3C21B /* ViewController.swift in Sources */ = {isa = PBXBuildFile; fileRef = 9167D681256F668600B3C21B /* ViewController.swift */; };
		9167D685256F668600B3C21B /* Main.storyboard in Resources */ = {isa = PBXBuildFile; fileRef = 9167D683256F668600B3C21B /* Main.storyboard */; };
		9167D687256F668800B3C21B /* Assets.xcassets in Resources */ = {isa = PBXBuildFile; fileRef = 9167D686256F668800B3C21B /* Assets.xcassets */; };
		9167D68A256F668800B3C21B /* LaunchScreen.storyboard in Resources */ = {isa = PBXBuildFile; fileRef = 9167D688256F668800B3C21B /* LaunchScreen.storyboard */; };
		9167D695256F668800B3C21B /* BankingAppTests.swift in Sources */ = {isa = PBXBuildFile; fileRef = 9167D694256F668800B3C21B /* BankingAppTests.swift */; };
		9167D6A0256F668800B3C21B /* BankingAppUITests.swift in Sources */ = {isa = PBXBuildFile; fileRef = 9167D69F256F668800B3C21B /* BankingAppUITests.swift */; };
		91DCF15B2573714D002C8E33 /* AccountLogin.swift in Sources */ = {isa = PBXBuildFile; fileRef = 91DCF15A2573714D002C8E33 /* AccountLogin.swift */; };
		91DCF163257374B8002C8E33 /* BankAccounts.swift in Sources */ = {isa = PBXBuildFile; fileRef = 91DCF162257374B8002C8E33 /* BankAccounts.swift */; };
		91DCF16B25737A0C002C8E33 /* Helper.swift in Sources */ = {isa = PBXBuildFile; fileRef = 91DCF16A25737A0C002C8E33 /* Helper.swift */; };
		91DCF17025737E53002C8E33 /* FileReader.swift in Sources */ = {isa = PBXBuildFile; fileRef = 91DCF16F25737E53002C8E33 /* FileReader.swift */; };
		91DCF17525739A49002C8E33 /* LoggedInViewController.swift in Sources */ = {isa = PBXBuildFile; fileRef = 91DCF17425739A49002C8E33 /* LoggedInViewController.swift */; };
		91DCF17A25739B4B002C8E33 /* SignupViewController.swift in Sources */ = {isa = PBXBuildFile; fileRef = 91DCF17925739B4B002C8E33 /* SignupViewController.swift */; };
/* End PBXBuildFile section */

/* Begin PBXContainerItemProxy section */
		9167D691256F668800B3C21B /* PBXContainerItemProxy */ = {
			isa = PBXContainerItemProxy;
			containerPortal = 9167D672256F668500B3C21B /* Project object */;
			proxyType = 1;
			remoteGlobalIDString = 9167D679256F668600B3C21B;
			remoteInfo = BankingApp;
		};
		9167D69C256F668800B3C21B /* PBXContainerItemProxy */ = {
			isa = PBXContainerItemProxy;
			containerPortal = 9167D672256F668500B3C21B /* Project object */;
			proxyType = 1;
			remoteGlobalIDString = 9167D679256F668600B3C21B;
			remoteInfo = BankingApp;
		};
/* End PBXContainerItemProxy section */

/* Begin PBXFileReference section */
		9167D67A256F668600B3C21B /* BankingApp.app */ = {isa = PBXFileReference; explicitFileType = wrapper.application; includeInIndex = 0; path = BankingApp.app; sourceTree = BUILT_PRODUCTS_DIR; };
		9167D67D256F668600B3C21B /* AppDelegate.swift */ = {isa = PBXFileReference; lastKnownFileType = sourcecode.swift; path = AppDelegate.swift; sourceTree = "<group>"; };
		9167D67F256F668600B3C21B /* SceneDelegate.swift */ = {isa = PBXFileReference; lastKnownFileType = sourcecode.swift; path = SceneDelegate.swift; sourceTree = "<group>"; };
		9167D681256F668600B3C21B /* ViewController.swift */ = {isa = PBXFileReference; lastKnownFileType = sourcecode.swift; path = ViewController.swift; sourceTree = "<group>"; };
		9167D684256F668600B3C21B /* Base */ = {isa = PBXFileReference; lastKnownFileType = file.storyboard; name = Base; path = Base.lproj/Main.storyboard; sourceTree = "<group>"; };
		9167D686256F668800B3C21B /* Assets.xcassets */ = {isa = PBXFileReference; lastKnownFileType = folder.assetcatalog; path = Assets.xcassets; sourceTree = "<group>"; };
		9167D689256F668800B3C21B /* Base */ = {isa = PBXFileReference; lastKnownFileType = file.storyboard; name = Base; path = Base.lproj/LaunchScreen.storyboard; sourceTree = "<group>"; };
		9167D68B256F668800B3C21B /* Info.plist */ = {isa = PBXFileReference; lastKnownFileType = text.plist.xml; path = Info.plist; sourceTree = "<group>"; };
		9167D690256F668800B3C21B /* BankingAppTests.xctest */ = {isa = PBXFileReference; explicitFileType = wrapper.cfbundle; includeInIndex = 0; path = BankingAppTests.xctest; sourceTree = BUILT_PRODUCTS_DIR; };
		9167D694256F668800B3C21B /* BankingAppTests.swift */ = {isa = PBXFileReference; lastKnownFileType = sourcecode.swift; path = BankingAppTests.swift; sourceTree = "<group>"; };
		9167D696256F668800B3C21B /* Info.plist */ = {isa = PBXFileReference; lastKnownFileType = text.plist.xml; path = Info.plist; sourceTree = "<group>"; };
		9167D69B256F668800B3C21B /* BankingAppUITests.xctest */ = {isa = PBXFileReference; explicitFileType = wrapper.cfbundle; includeInIndex = 0; path = BankingAppUITests.xctest; sourceTree = BUILT_PRODUCTS_DIR; };
		9167D69F256F668800B3C21B /* BankingAppUITests.swift */ = {isa = PBXFileReference; lastKnownFileType = sourcecode.swift; path = BankingAppUITests.swift; sourceTree = "<group>"; };
		9167D6A1256F668800B3C21B /* Info.plist */ = {isa = PBXFileReference; lastKnownFileType = text.plist.xml; path = Info.plist; sourceTree = "<group>"; };
		91DCF15A2573714D002C8E33 /* AccountLogin.swift */ = {isa = PBXFileReference; lastKnownFileType = sourcecode.swift; path = AccountLogin.swift; sourceTree = "<group>"; };
		91DCF162257374B8002C8E33 /* BankAccounts.swift */ = {isa = PBXFileReference; lastKnownFileType = sourcecode.swift; path = BankAccounts.swift; sourceTree = "<group>"; };
		91DCF16A25737A0C002C8E33 /* Helper.swift */ = {isa = PBXFileReference; lastKnownFileType = sourcecode.swift; path = Helper.swift; sourceTree = "<group>"; };
		91DCF16F25737E53002C8E33 /* FileReader.swift */ = {isa = PBXFileReference; lastKnownFileType = sourcecode.swift; path = FileReader.swift; sourceTree = "<group>"; };
		91DCF17425739A49002C8E33 /* LoggedInViewController.swift */ = {isa = PBXFileReference; lastKnownFileType = sourcecode.swift; path = LoggedInViewController.swift; sourceTree = "<group>"; };
		91DCF17925739B4B002C8E33 /* SignupViewController.swift */ = {isa = PBXFileReference; lastKnownFileType = sourcecode.swift; path = SignupViewController.swift; sourceTree = "<group>"; };
/* End PBXFileReference section */

/* Begin PBXFrameworksBuildPhase section */
		9167D677256F668600B3C21B /* Frameworks */ = {
			isa = PBXFrameworksBuildPhase;
			buildActionMask = 2147483647;
			files = (
			);
			runOnlyForDeploymentPostprocessing = 0;
		};
		9167D68D256F668800B3C21B /* Frameworks */ = {
			isa = PBXFrameworksBuildPhase;
			buildActionMask = 2147483647;
			files = (
			);
			runOnlyForDeploymentPostprocessing = 0;
		};
		9167D698256F668800B3C21B /* Frameworks */ = {
			isa = PBXFrameworksBuildPhase;
			buildActionMask = 2147483647;
			files = (
			);
			runOnlyForDeploymentPostprocessing = 0;
		};
/* End PBXFrameworksBuildPhase section */

/* Begin PBXGroup section */
		9167D671256F668500B3C21B = {
			isa = PBXGroup;
			children = (
				9167D67C256F668600B3C21B /* BankingApp */,
				9167D693256F668800B3C21B /* BankingAppTests */,
				9167D69E256F668800B3C21B /* BankingAppUITests */,
				9167D67B256F668600B3C21B /* Products */,
			);
			sourceTree = "<group>";
		};
		9167D67B256F668600B3C21B /* Products */ = {
			isa = PBXGroup;
			children = (
				9167D67A256F668600B3C21B /* BankingApp.app */,
				9167D690256F668800B3C21B /* BankingAppTests.xctest */,
				9167D69B256F668800B3C21B /* BankingAppUITests.xctest */,
			);
			name = Products;
			sourceTree = "<group>";
		};
		9167D67C256F668600B3C21B /* BankingApp */ = {
			isa = PBXGroup;
			children = (
				9167D67D256F668600B3C21B /* AppDelegate.swift */,
				9167D67F256F668600B3C21B /* SceneDelegate.swift */,
				91DCF15A2573714D002C8E33 /* AccountLogin.swift */,
				91DCF16F25737E53002C8E33 /* FileReader.swift */,
				91DCF17925739B4B002C8E33 /* SignupViewController.swift */,
				91DCF17425739A49002C8E33 /* LoggedInViewController.swift */,
				91DCF16A25737A0C002C8E33 /* Helper.swift */,
				91DCF162257374B8002C8E33 /* BankAccounts.swift */,
				9167D681256F668600B3C21B /* ViewController.swift */,
				9167D683256F668600B3C21B /* Main.storyboard */,
				9167D686256F668800B3C21B /* Assets.xcassets */,
				9167D688256F668800B3C21B /* LaunchScreen.storyboard */,
				9167D68B256F668800B3C21B /* Info.plist */,
				93E01F792574BE280067940F /* BankingOptionsController.swift */,
				93E01F7B2574C3930067940F /* DepositViewController.swift */,
				93E01F7F2574DCA00067940F /* AccountSummryCell.swift */,
				93E01F812574E0860067940F /* AccountSummaryView.swift */,
			);
			path = BankingApp;
			sourceTree = "<group>";
		};
		9167D693256F668800B3C21B /* BankingAppTests */ = {
			isa = PBXGroup;
			children = (
				9167D694256F668800B3C21B /* BankingAppTests.swift */,
				9167D696256F668800B3C21B /* Info.plist */,
			);
			path = BankingAppTests;
			sourceTree = "<group>";
		};
		9167D69E256F668800B3C21B /* BankingAppUITests */ = {
			isa = PBXGroup;
			children = (
				9167D69F256F668800B3C21B /* BankingAppUITests.swift */,
				9167D6A1256F668800B3C21B /* Info.plist */,
			);
			path = BankingAppUITests;
			sourceTree = "<group>";
		};
/* End PBXGroup section */

/* Begin PBXNativeTarget section */
		9167D679256F668600B3C21B /* BankingApp */ = {
			isa = PBXNativeTarget;
			buildConfigurationList = 9167D6A4256F668800B3C21B /* Build configuration list for PBXNativeTarget "BankingApp" */;
			buildPhases = (
				9167D676256F668600B3C21B /* Sources */,
				9167D677256F668600B3C21B /* Frameworks */,
				9167D678256F668600B3C21B /* Resources */,
			);
			buildRules = (
			);
			dependencies = (
			);
			name = BankingApp;
			productName = BankingApp;
			productReference = 9167D67A256F668600B3C21B /* BankingApp.app */;
			productType = "com.apple.product-type.application";
		};
		9167D68F256F668800B3C21B /* BankingAppTests */ = {
			isa = PBXNativeTarget;
			buildConfigurationList = 9167D6A7256F668800B3C21B /* Build configuration list for PBXNativeTarget "BankingAppTests" */;
			buildPhases = (
				9167D68C256F668800B3C21B /* Sources */,
				9167D68D256F668800B3C21B /* Frameworks */,
				9167D68E256F668800B3C21B /* Resources */,
			);
			buildRules = (
			);
			dependencies = (
				9167D692256F668800B3C21B /* PBXTargetDependency */,
			);
			name = BankingAppTests;
			productName = BankingAppTests;
			productReference = 9167D690256F668800B3C21B /* BankingAppTests.xctest */;
			productType = "com.apple.product-type.bundle.unit-test";
		};
		9167D69A256F668800B3C21B /* BankingAppUITests */ = {
			isa = PBXNativeTarget;
			buildConfigurationList = 9167D6AA256F668800B3C21B /* Build configuration list for PBXNativeTarget "BankingAppUITests" */;
			buildPhases = (
				9167D697256F668800B3C21B /* Sources */,
				9167D698256F668800B3C21B /* Frameworks */,
				9167D699256F668800B3C21B /* Resources */,
			);
			buildRules = (
			);
			dependencies = (
				9167D69D256F668800B3C21B /* PBXTargetDependency */,
			);
			name = BankingAppUITests;
			productName = BankingAppUITests;
			productReference = 9167D69B256F668800B3C21B /* BankingAppUITests.xctest */;
			productType = "com.apple.product-type.bundle.ui-testing";
		};
/* End PBXNativeTarget section */

/* Begin PBXProject section */
		9167D672256F668500B3C21B /* Project object */ = {
			isa = PBXProject;
			attributes = {
				LastSwiftUpdateCheck = 1220;
				LastUpgradeCheck = 1220;
				TargetAttributes = {
					9167D679256F668600B3C21B = {
						CreatedOnToolsVersion = 12.2;
					};
					9167D68F256F668800B3C21B = {
						CreatedOnToolsVersion = 12.2;
						TestTargetID = 9167D679256F668600B3C21B;
					};
					9167D69A256F668800B3C21B = {
						CreatedOnToolsVersion = 12.2;
						TestTargetID = 9167D679256F668600B3C21B;
					};
				};
			};
			buildConfigurationList = 9167D675256F668500B3C21B /* Build configuration list for PBXProject "BankingApp" */;
			compatibilityVersion = "Xcode 9.3";
			developmentRegion = en;
			hasScannedForEncodings = 0;
			knownRegions = (
				en,
				Base,
			);
			mainGroup = 9167D671256F668500B3C21B;
			productRefGroup = 9167D67B256F668600B3C21B /* Products */;
			projectDirPath = "";
			projectRoot = "";
			targets = (
				9167D679256F668600B3C21B /* BankingApp */,
				9167D68F256F668800B3C21B /* BankingAppTests */,
				9167D69A256F668800B3C21B /* BankingAppUITests */,
			);
		};
/* End PBXProject section */

/* Begin PBXResourcesBuildPhase section */
		9167D678256F668600B3C21B /* Resources */ = {
			isa = PBXResourcesBuildPhase;
			buildActionMask = 2147483647;
			files = (
				9167D68A256F668800B3C21B /* LaunchScreen.storyboard in Resources */,
				9167D687256F668800B3C21B /* Assets.xcassets in Resources */,
				9167D685256F668600B3C21B /* Main.storyboard in Resources */,
			);
			runOnlyForDeploymentPostprocessing = 0;
		};
		9167D68E256F668800B3C21B /* Resources */ = {
			isa = PBXResourcesBuildPhase;
			buildActionMask = 2147483647;
			files = (
			);
			runOnlyForDeploymentPostprocessing = 0;
		};
		9167D699256F668800B3C21B /* Resources */ = {
			isa = PBXResourcesBuildPhase;
			buildActionMask = 2147483647;
			files = (
			);
			runOnlyForDeploymentPostprocessing = 0;
		};
/* End PBXResourcesBuildPhase section */

/* Begin PBXSourcesBuildPhase section */
		9167D676256F668600B3C21B /* Sources */ = {
			isa = PBXSourcesBuildPhase;
			buildActionMask = 2147483647;
			files = (
				91DCF17A25739B4B002C8E33 /* SignupViewController.swift in Sources */,
				9167D682256F668600B3C21B /* ViewController.swift in Sources */,
				91DCF163257374B8002C8E33 /* BankAccounts.swift in Sources */,
				91DCF17025737E53002C8E33 /* FileReader.swift in Sources */,
				93E01F822574E0860067940F /* AccountSummaryView.swift in Sources */,
				93E01F7A2574BE280067940F /* BankingOptionsController.swift in Sources */,
				9167D67E256F668600B3C21B /* AppDelegate.swift in Sources */,
				91DCF15B2573714D002C8E33 /* AccountLogin.swift in Sources */,
				9167D680256F668600B3C21B /* SceneDelegate.swift in Sources */,
				93E01F7C2574C3930067940F /* DepositViewController.swift in Sources */,
				91DCF16B25737A0C002C8E33 /* Helper.swift in Sources */,
				91DCF17525739A49002C8E33 /* LoggedInViewController.swift in Sources */,
			);
			runOnlyForDeploymentPostprocessing = 0;
		};
		9167D68C256F668800B3C21B /* Sources */ = {
			isa = PBXSourcesBuildPhase;
			buildActionMask = 2147483647;
			files = (
				9167D695256F668800B3C21B /* BankingAppTests.swift in Sources */,
			);
			runOnlyForDeploymentPostprocessing = 0;
		};
		9167D697256F668800B3C21B /* Sources */ = {
			isa = PBXSourcesBuildPhase;
			buildActionMask = 2147483647;
			files = (
				9167D6A0256F668800B3C21B /* BankingAppUITests.swift in Sources */,
			);
			runOnlyForDeploymentPostprocessing = 0;
		};
/* End PBXSourcesBuildPhase section */

/* Begin PBXTargetDependency section */
		9167D692256F668800B3C21B /* PBXTargetDependency */ = {
			isa = PBXTargetDependency;
			target = 9167D679256F668600B3C21B /* BankingApp */;
			targetProxy = 9167D691256F668800B3C21B /* PBXContainerItemProxy */;
		};
		9167D69D256F668800B3C21B /* PBXTargetDependency */ = {
			isa = PBXTargetDependency;
			target = 9167D679256F668600B3C21B /* BankingApp */;
			targetProxy = 9167D69C256F668800B3C21B /* PBXContainerItemProxy */;
		};
/* End PBXTargetDependency section */

/* Begin PBXVariantGroup section */
		9167D683256F668600B3C21B /* Main.storyboard */ = {
			isa = PBXVariantGroup;
			children = (
				9167D684256F668600B3C21B /* Base */,
			);
			name = Main.storyboard;
			sourceTree = "<group>";
		};
		9167D688256F668800B3C21B /* LaunchScreen.storyboard */ = {
			isa = PBXVariantGroup;
			children = (
				9167D689256F668800B3C21B /* Base */,
			);
			name = LaunchScreen.storyboard;
			sourceTree = "<group>";
		};
/* End PBXVariantGroup section */

/* Begin XCBuildConfiguration section */
		9167D6A2256F668800B3C21B /* Debug */ = {
			isa = XCBuildConfiguration;
			buildSettings = {
				ALWAYS_SEARCH_USER_PATHS = NO;
				CLANG_ANALYZER_NONNULL = YES;
				CLANG_ANALYZER_NUMBER_OBJECT_CONVERSION = YES_AGGRESSIVE;
				CLANG_CXX_LANGUAGE_STANDARD = "gnu++14";
				CLANG_CXX_LIBRARY = "libc++";
				CLANG_ENABLE_MODULES = YES;
				CLANG_ENABLE_OBJC_ARC = YES;
				CLANG_ENABLE_OBJC_WEAK = YES;
				CLANG_WARN_BLOCK_CAPTURE_AUTORELEASING = YES;
				CLANG_WARN_BOOL_CONVERSION = YES;
				CLANG_WARN_COMMA = YES;
				CLANG_WARN_CONSTANT_CONVERSION = YES;
				CLANG_WARN_DEPRECATED_OBJC_IMPLEMENTATIONS = YES;
				CLANG_WARN_DIRECT_OBJC_ISA_USAGE = YES_ERROR;
				CLANG_WARN_DOCUMENTATION_COMMENTS = YES;
				CLANG_WARN_EMPTY_BODY = YES;
				CLANG_WARN_ENUM_CONVERSION = YES;
				CLANG_WARN_INFINITE_RECURSION = YES;
				CLANG_WARN_INT_CONVERSION = YES;
				CLANG_WARN_NON_LITERAL_NULL_CONVERSION = YES;
				CLANG_WARN_OBJC_IMPLICIT_RETAIN_SELF = YES;
				CLANG_WARN_OBJC_LITERAL_CONVERSION = YES;
				CLANG_WARN_OBJC_ROOT_CLASS = YES_ERROR;
				CLANG_WARN_QUOTED_INCLUDE_IN_FRAMEWORK_HEADER = YES;
				CLANG_WARN_RANGE_LOOP_ANALYSIS = YES;
				CLANG_WARN_STRICT_PROTOTYPES = YES;
				CLANG_WARN_SUSPICIOUS_MOVE = YES;
				CLANG_WARN_UNGUARDED_AVAILABILITY = YES_AGGRESSIVE;
				CLANG_WARN_UNREACHABLE_CODE = YES;
				CLANG_WARN__DUPLICATE_METHOD_MATCH = YES;
				COPY_PHASE_STRIP = NO;
				DEBUG_INFORMATION_FORMAT = dwarf;
				ENABLE_STRICT_OBJC_MSGSEND = YES;
				ENABLE_TESTABILITY = YES;
				GCC_C_LANGUAGE_STANDARD = gnu11;
				GCC_DYNAMIC_NO_PIC = NO;
				GCC_NO_COMMON_BLOCKS = YES;
				GCC_OPTIMIZATION_LEVEL = 0;
				GCC_PREPROCESSOR_DEFINITIONS = (
					"DEBUG=1",
					"$(inherited)",
				);
				GCC_WARN_64_TO_32_BIT_CONVERSION = YES;
				GCC_WARN_ABOUT_RETURN_TYPE = YES_ERROR;
				GCC_WARN_UNDECLARED_SELECTOR = YES;
				GCC_WARN_UNINITIALIZED_AUTOS = YES_AGGRESSIVE;
				GCC_WARN_UNUSED_FUNCTION = YES;
				GCC_WARN_UNUSED_VARIABLE = YES;
				IPHONEOS_DEPLOYMENT_TARGET = 14.2;
				MTL_ENABLE_DEBUG_INFO = INCLUDE_SOURCE;
				MTL_FAST_MATH = YES;
				ONLY_ACTIVE_ARCH = YES;
				SDKROOT = iphoneos;
				SWIFT_ACTIVE_COMPILATION_CONDITIONS = DEBUG;
				SWIFT_OPTIMIZATION_LEVEL = "-Onone";
			};
			name = Debug;
		};
		9167D6A3256F668800B3C21B /* Release */ = {
			isa = XCBuildConfiguration;
			buildSettings = {
				ALWAYS_SEARCH_USER_PATHS = NO;
				CLANG_ANALYZER_NONNULL = YES;
				CLANG_ANALYZER_NUMBER_OBJECT_CONVERSION = YES_AGGRESSIVE;
				CLANG_CXX_LANGUAGE_STANDARD = "gnu++14";
				CLANG_CXX_LIBRARY = "libc++";
				CLANG_ENABLE_MODULES = YES;
				CLANG_ENABLE_OBJC_ARC = YES;
				CLANG_ENABLE_OBJC_WEAK = YES;
				CLANG_WARN_BLOCK_CAPTURE_AUTORELEASING = YES;
				CLANG_WARN_BOOL_CONVERSION = YES;
				CLANG_WARN_COMMA = YES;
				CLANG_WARN_CONSTANT_CONVERSION = YES;
				CLANG_WARN_DEPRECATED_OBJC_IMPLEMENTATIONS = YES;
				CLANG_WARN_DIRECT_OBJC_ISA_USAGE = YES_ERROR;
				CLANG_WARN_DOCUMENTATION_COMMENTS = YES;
				CLANG_WARN_EMPTY_BODY = YES;
				CLANG_WARN_ENUM_CONVERSION = YES;
				CLANG_WARN_INFINITE_RECURSION = YES;
				CLANG_WARN_INT_CONVERSION = YES;
				CLANG_WARN_NON_LITERAL_NULL_CONVERSION = YES;
				CLANG_WARN_OBJC_IMPLICIT_RETAIN_SELF = YES;
				CLANG_WARN_OBJC_LITERAL_CONVERSION = YES;
				CLANG_WARN_OBJC_ROOT_CLASS = YES_ERROR;
				CLANG_WARN_QUOTED_INCLUDE_IN_FRAMEWORK_HEADER = YES;
				CLANG_WARN_RANGE_LOOP_ANALYSIS = YES;
				CLANG_WARN_STRICT_PROTOTYPES = YES;
				CLANG_WARN_SUSPICIOUS_MOVE = YES;
				CLANG_WARN_UNGUARDED_AVAILABILITY = YES_AGGRESSIVE;
				CLANG_WARN_UNREACHABLE_CODE = YES;
				CLANG_WARN__DUPLICATE_METHOD_MATCH = YES;
				COPY_PHASE_STRIP = NO;
				DEBUG_INFORMATION_FORMAT = "dwarf-with-dsym";
				ENABLE_NS_ASSERTIONS = NO;
				ENABLE_STRICT_OBJC_MSGSEND = YES;
				GCC_C_LANGUAGE_STANDARD = gnu11;
				GCC_NO_COMMON_BLOCKS = YES;
				GCC_WARN_64_TO_32_BIT_CONVERSION = YES;
				GCC_WARN_ABOUT_RETURN_TYPE = YES_ERROR;
				GCC_WARN_UNDECLARED_SELECTOR = YES;
				GCC_WARN_UNINITIALIZED_AUTOS = YES_AGGRESSIVE;
				GCC_WARN_UNUSED_FUNCTION = YES;
				GCC_WARN_UNUSED_VARIABLE = YES;
				IPHONEOS_DEPLOYMENT_TARGET = 14.2;
				MTL_ENABLE_DEBUG_INFO = NO;
				MTL_FAST_MATH = YES;
				SDKROOT = iphoneos;
				SWIFT_COMPILATION_MODE = wholemodule;
				SWIFT_OPTIMIZATION_LEVEL = "-O";
				VALIDATE_PRODUCT = YES;
			};
			name = Release;
		};
		9167D6A5256F668800B3C21B /* Debug */ = {
			isa = XCBuildConfiguration;
			buildSettings = {
				ASSETCATALOG_COMPILER_APPICON_NAME = AppIcon;
				ASSETCATALOG_COMPILER_GLOBAL_ACCENT_COLOR_NAME = AccentColor;
				CODE_SIGN_STYLE = Automatic;
				INFOPLIST_FILE = BankingApp/Info.plist;
				IPHONEOS_DEPLOYMENT_TARGET = 13.5;
				LD_RUNPATH_SEARCH_PATHS = (
					"$(inherited)",
					"@executable_path/Frameworks",
				);
				PRODUCT_BUNDLE_IDENTIFIER = exam.BankingApp;
				PRODUCT_NAME = "$(TARGET_NAME)";
				SWIFT_VERSION = 5.0;
				TARGETED_DEVICE_FAMILY = "1,2";
			};
			name = Debug;
		};
		9167D6A6256F668800B3C21B /* Release */ = {
			isa = XCBuildConfiguration;
			buildSettings = {
				ASSETCATALOG_COMPILER_APPICON_NAME = AppIcon;
				ASSETCATALOG_COMPILER_GLOBAL_ACCENT_COLOR_NAME = AccentColor;
				CODE_SIGN_STYLE = Automatic;
				INFOPLIST_FILE = BankingApp/Info.plist;
				IPHONEOS_DEPLOYMENT_TARGET = 13.5;
				LD_RUNPATH_SEARCH_PATHS = (
					"$(inherited)",
					"@executable_path/Frameworks",
				);
				PRODUCT_BUNDLE_IDENTIFIER = exam.BankingApp;
				PRODUCT_NAME = "$(TARGET_NAME)";
				SWIFT_VERSION = 5.0;
				TARGETED_DEVICE_FAMILY = "1,2";
			};
			name = Release;
		};
		9167D6A8256F668800B3C21B /* Debug */ = {
			isa = XCBuildConfiguration;
			buildSettings = {
				ALWAYS_EMBED_SWIFT_STANDARD_LIBRARIES = YES;
				BUNDLE_LOADER = "$(TEST_HOST)";
				CODE_SIGN_STYLE = Automatic;
				INFOPLIST_FILE = BankingAppTests/Info.plist;
				IPHONEOS_DEPLOYMENT_TARGET = 14.2;
				LD_RUNPATH_SEARCH_PATHS = (
					"$(inherited)",
					"@executable_path/Frameworks",
					"@loader_path/Frameworks",
				);
				PRODUCT_BUNDLE_IDENTIFIER = exam.BankingAppTests;
				PRODUCT_NAME = "$(TARGET_NAME)";
				SWIFT_VERSION = 5.0;
				TARGETED_DEVICE_FAMILY = "1,2";
				TEST_HOST = "$(BUILT_PRODUCTS_DIR)/BankingApp.app/BankingApp";
			};
			name = Debug;
		};
		9167D6A9256F668800B3C21B /* Release */ = {
			isa = XCBuildConfiguration;
			buildSettings = {
				ALWAYS_EMBED_SWIFT_STANDARD_LIBRARIES = YES;
				BUNDLE_LOADER = "$(TEST_HOST)";
				CODE_SIGN_STYLE = Automatic;
				INFOPLIST_FILE = BankingAppTests/Info.plist;
				IPHONEOS_DEPLOYMENT_TARGET = 14.2;
				LD_RUNPATH_SEARCH_PATHS = (
					"$(inherited)",
					"@executable_path/Frameworks",
					"@loader_path/Frameworks",
				);
				PRODUCT_BUNDLE_IDENTIFIER = exam.BankingAppTests;
				PRODUCT_NAME = "$(TARGET_NAME)";
				SWIFT_VERSION = 5.0;
				TARGETED_DEVICE_FAMILY = "1,2";
				TEST_HOST = "$(BUILT_PRODUCTS_DIR)/BankingApp.app/BankingApp";
			};
			name = Release;
		};
		9167D6AB256F668800B3C21B /* Debug */ = {
			isa = XCBuildConfiguration;
			buildSettings = {
				ALWAYS_EMBED_SWIFT_STANDARD_LIBRARIES = YES;
				CODE_SIGN_STYLE = Automatic;
				INFOPLIST_FILE = BankingAppUITests/Info.plist;
				LD_RUNPATH_SEARCH_PATHS = (
					"$(inherited)",
					"@executable_path/Frameworks",
					"@loader_path/Frameworks",
				);
				PRODUCT_BUNDLE_IDENTIFIER = exam.BankingAppUITests;
				PRODUCT_NAME = "$(TARGET_NAME)";
				SWIFT_VERSION = 5.0;
				TARGETED_DEVICE_FAMILY = "1,2";
				TEST_TARGET_NAME = BankingApp;
			};
			name = Debug;
		};
		9167D6AC256F668800B3C21B /* Release */ = {
			isa = XCBuildConfiguration;
			buildSettings = {
				ALWAYS_EMBED_SWIFT_STANDARD_LIBRARIES = YES;
				CODE_SIGN_STYLE = Automatic;
				INFOPLIST_FILE = BankingAppUITests/Info.plist;
				LD_RUNPATH_SEARCH_PATHS = (
					"$(inherited)",
					"@executable_path/Frameworks",
					"@loader_path/Frameworks",
				);
				PRODUCT_BUNDLE_IDENTIFIER = exam.BankingAppUITests;
				PRODUCT_NAME = "$(TARGET_NAME)";
				SWIFT_VERSION = 5.0;
				TARGETED_DEVICE_FAMILY = "1,2";
				TEST_TARGET_NAME = BankingApp;
			};
			name = Release;
		};
/* End XCBuildConfiguration section */

/* Begin XCConfigurationList section */
		9167D675256F668500B3C21B /* Build configuration list for PBXProject "BankingApp" */ = {
			isa = XCConfigurationList;
			buildConfigurations = (
				9167D6A2256F668800B3C21B /* Debug */,
				9167D6A3256F668800B3C21B /* Release */,
			);
			defaultConfigurationIsVisible = 0;
			defaultConfigurationName = Release;
		};
		9167D6A4256F668800B3C21B /* Build configuration list for PBXNativeTarget "BankingApp" */ = {
			isa = XCConfigurationList;
			buildConfigurations = (
				9167D6A5256F668800B3C21B /* Debug */,
				9167D6A6256F668800B3C21B /* Release */,
			);
			defaultConfigurationIsVisible = 0;
			defaultConfigurationName = Release;
		};
		9167D6A7256F668800B3C21B /* Build configuration list for PBXNativeTarget "BankingAppTests" */ = {
			isa = XCConfigurationList;
			buildConfigurations = (
				9167D6A8256F668800B3C21B /* Debug */,
				9167D6A9256F668800B3C21B /* Release */,
			);
			defaultConfigurationIsVisible = 0;
			defaultConfigurationName = Release;
		};
		9167D6AA256F668800B3C21B /* Build configuration list for PBXNativeTarget "BankingAppUITests" */ = {
			isa = XCConfigurationList;
			buildConfigurations = (
				9167D6AB256F668800B3C21B /* Debug */,
				9167D6AC256F668800B3C21B /* Release */,
			);
			defaultConfigurationIsVisible = 0;
			defaultConfigurationName = Release;
		};
/* End XCConfigurationList section */
	};
	rootObject = 9167D672256F668500B3C21B /* Project object */;
}
